
Microsoft Visual Studio Solution File, Format Version 12.00
# Visual Studio 15
VisualStudioVersion = 15.0.28307.572
MinimumVisualStudioVersion = 10.0.40219.1
Project("{FAE04EC0-301F-11D3-BF4B-00C04F79EFBC}") = "ServiceForSeparateDocuments", "..\..\..\..\..\Test\ServiceForSeparateDocuments\ServiceForSeparateDocuments\ServiceForSeparateDocuments.csproj", "{60A44312-2C1F-4636-9D9D-ED32C5043463}"
EndProject
Project("{FAE04EC0-301F-11D3-BF4B-00C04F79EFBC}") = "BookLibrary", "BookLibrary\BookLibrary.csproj", "{9A3BB539-8A09-452E-9F16-F84526718E36}"
EndProject
Global
	GlobalSection(SolutionConfigurationPlatforms) = preSolution
		Debug|Any CPU = Debug|Any CPU
		Release|Any CPU = Release|Any CPU
	EndGlobalSection
	GlobalSection(ProjectConfigurationPlatforms) = postSolution
		{60A44312-2C1F-4636-9D9D-ED32C5043463}.Debug|Any CPU.ActiveCfg = Debug|Any CPU
		{60A44312-2C1F-4636-9D9D-ED32C5043463}.Debug|Any CPU.Build.0 = Debug|Any CPU
		{60A44312-2C1F-4636-9D9D-ED32C5043463}.Release|Any CPU.ActiveCfg = Release|Any CPU
		{60A44312-2C1F-4636-9D9D-ED32C5043463}.Release|Any CPU.Build.0 = Release|Any CPU
		{9A3BB539-8A09-452E-9F16-F84526718E36}.Debug|Any CPU.ActiveCfg = Debug|Any CPU
		{9A3BB539-8A09-452E-9F16-F84526718E36}.Debug|Any CPU.Build.0 = Debug|Any CPU
		{9A3BB539-8A09-452E-9F16-F84526718E36}.Release|Any CPU.ActiveCfg = Release|Any CPU
		{9A3BB539-8A09-452E-9F16-F84526718E36}.Release|Any CPU.Build.0 = Release|Any CPU
	EndGlobalSection
	GlobalSection(SolutionProperties) = preSolution
		HideSolutionNode = FALSE
	EndGlobalSection
	GlobalSection(ExtensibilityGlobals) = postSolution
		SolutionGuid = {085D7740-CA72-4A18-B19F-72A7B4AE367D}
	EndGlobalSection
EndGlobal
